
Microsoft Visual Studio Solution File, Format Version 12.00
# Visual Studio Version 17
VisualStudioVersion = 17.9.34310.174
MinimumVisualStudioVersion = 10.0.40219.1
Project("{9A19103F-16F7-4668-BE54-9A1E7A4F7556}") = "Grpc", "src\Presentation\Grpc\Grpc.csproj", "{53A90C7D-8F93-4F37-95C1-80F41AE989D8}"
EndProject
Project("{2150E333-8FDC-42A3-9474-1A3956D46DE8}") = "Presentation", "Presentation", "{742B3C87-F96A-4081-AF8D-078E2688DCC0}"
EndProject
Project("{2150E333-8FDC-42A3-9474-1A3956D46DE8}") = "Domain", "Domain", "{0FE81850-273C-4320-9A43-571E1715A756}"
EndProject
Project("{2150E333-8FDC-42A3-9474-1A3956D46DE8}") = "Infrastructure", "Infrastructure", "{F1D794AD-05CA-417D-823B-71BE97FFBC3A}"
EndProject
Project("{2150E333-8FDC-42A3-9474-1A3956D46DE8}") = "Application", "Application", "{495455DA-B53D-476D-BE0D-58D1C16F172B}"
EndProject
Project("{9A19103F-16F7-4668-BE54-9A1E7A4F7556}") = "Entities", "src\Domain\Entities\Entities.csproj", "{8372F271-393C-49D3-B7BD-CC2CEAC51850}"
EndProject
Project("{9A19103F-16F7-4668-BE54-9A1E7A4F7556}") = "Persistence", "src\Infrastructure\Persistence\Persistence.csproj", "{630B54D9-E703-490A-9269-DBC8D5CBF216}"
EndProject
Project("{2150E333-8FDC-42A3-9474-1A3956D46DE8}") = "src", "src", "{CC722EB2-B4EF-448D-BE4D-1A2A07ED3B21}"
EndProject
Project("{2150E333-8FDC-42A3-9474-1A3956D46DE8}") = "tests", "tests", "{52D4217E-417D-4D19-9BC4-FACFA35A23F7}"
EndProject
Project("{9A19103F-16F7-4668-BE54-9A1E7A4F7556}") = "Core", "src\Application\Core\Core.csproj", "{6357C961-FE5A-4BD7-963B-AE7BD9633B18}"
EndProject
Project("{9A19103F-16F7-4668-BE54-9A1E7A4F7556}") = "TimeService", "src\Infrastructure\TimeService\TimeService.csproj", "{CF29EC22-6332-4B13-AA19-A627259A49B5}"
EndProject
Project("{9A19103F-16F7-4668-BE54-9A1E7A4F7556}") = "RepositoriesTest", "tests\RepositoriesTest\RepositoriesTest.csproj", "{228DF41B-8826-4B79-99AD-C4C76E8404E8}"
EndProject
Project("{9A19103F-16F7-4668-BE54-9A1E7A4F7556}") = "ApplicationTests", "tests\ApplicationTests\ApplicationTests.csproj", "{78129B2A-A7E7-476B-A3BA-8C35B65877A6}"
EndProject
Project("{9A19103F-16F7-4668-BE54-9A1E7A4F7556}") = "Client", "src\Infrastructure\Client\Client.csproj", "{5E7A1403-21FE-4389-83ED-CF1CE6293BAD}"
EndProject
Project("{9A19103F-16F7-4668-BE54-9A1E7A4F7556}") = "TokenService", "src\Infrastructure\TokenService\TokenService.csproj", "{F0936DE2-27DD-49A1-BD72-9F71248DFACA}"
EndProject
Project("{00D1A9C2-B5F0-4AF3-8072-F6C62B433612}") = "Database", "src\Infrastructure\DataBase\Database.sqlproj", "{3D1FDFC1-D6F7-4C3A-AD6C-5725EF40EE8E}"
EndProject
Project("{9A19103F-16F7-4668-BE54-9A1E7A4F7556}") = "EncryptService", "src\Infrastructure\EncryptService\EncryptService.csproj", "{F938B7D7-AC3F-450F-AD5D-6AF8971ADB75}"
EndProject
Project("{2150E333-8FDC-42A3-9474-1A3956D46DE8}") = "Solution Items", "Solution Items", "{4B49CFDF-B711-44F0-9A27-0FCE1C214BB0}"
	ProjectSection(SolutionItems) = preProject
		.gitattributes = .gitattributes
		.gitignore = .gitignore
		README.md = README.md
	EndProjectSection
EndProject
Global
	GlobalSection(SolutionConfigurationPlatforms) = preSolution
		Debug|Any CPU = Debug|Any CPU
		Release|Any CPU = Release|Any CPU
	EndGlobalSection
	GlobalSection(ProjectConfigurationPlatforms) = postSolution
		{53A90C7D-8F93-4F37-95C1-80F41AE989D8}.Debug|Any CPU.ActiveCfg = Debug|Any CPU
		{53A90C7D-8F93-4F37-95C1-80F41AE989D8}.Debug|Any CPU.Build.0 = Debug|Any CPU
		{53A90C7D-8F93-4F37-95C1-80F41AE989D8}.Release|Any CPU.ActiveCfg = Release|Any CPU
		{53A90C7D-8F93-4F37-95C1-80F41AE989D8}.Release|Any CPU.Build.0 = Release|Any CPU
		{8372F271-393C-49D3-B7BD-CC2CEAC51850}.Debug|Any CPU.ActiveCfg = Debug|Any CPU
		{8372F271-393C-49D3-B7BD-CC2CEAC51850}.Debug|Any CPU.Build.0 = Debug|Any CPU
		{8372F271-393C-49D3-B7BD-CC2CEAC51850}.Release|Any CPU.ActiveCfg = Release|Any CPU
		{8372F271-393C-49D3-B7BD-CC2CEAC51850}.Release|Any CPU.Build.0 = Release|Any CPU
		{630B54D9-E703-490A-9269-DBC8D5CBF216}.Debug|Any CPU.ActiveCfg = Debug|Any CPU
		{630B54D9-E703-490A-9269-DBC8D5CBF216}.Debug|Any CPU.Build.0 = Debug|Any CPU
		{630B54D9-E703-490A-9269-DBC8D5CBF216}.Release|Any CPU.ActiveCfg = Release|Any CPU
		{630B54D9-E703-490A-9269-DBC8D5CBF216}.Release|Any CPU.Build.0 = Release|Any CPU
		{6357C961-FE5A-4BD7-963B-AE7BD9633B18}.Debug|Any CPU.ActiveCfg = Debug|Any CPU
		{6357C961-FE5A-4BD7-963B-AE7BD9633B18}.Debug|Any CPU.Build.0 = Debug|Any CPU
		{6357C961-FE5A-4BD7-963B-AE7BD9633B18}.Release|Any CPU.ActiveCfg = Release|Any CPU
		{6357C961-FE5A-4BD7-963B-AE7BD9633B18}.Release|Any CPU.Build.0 = Release|Any CPU
		{CF29EC22-6332-4B13-AA19-A627259A49B5}.Debug|Any CPU.ActiveCfg = Debug|Any CPU
		{CF29EC22-6332-4B13-AA19-A627259A49B5}.Debug|Any CPU.Build.0 = Debug|Any CPU
		{CF29EC22-6332-4B13-AA19-A627259A49B5}.Release|Any CPU.ActiveCfg = Release|Any CPU
		{CF29EC22-6332-4B13-AA19-A627259A49B5}.Release|Any CPU.Build.0 = Release|Any CPU
		{228DF41B-8826-4B79-99AD-C4C76E8404E8}.Debug|Any CPU.ActiveCfg = Debug|Any CPU
		{228DF41B-8826-4B79-99AD-C4C76E8404E8}.Debug|Any CPU.Build.0 = Debug|Any CPU
		{228DF41B-8826-4B79-99AD-C4C76E8404E8}.Release|Any CPU.ActiveCfg = Release|Any CPU
		{228DF41B-8826-4B79-99AD-C4C76E8404E8}.Release|Any CPU.Build.0 = Release|Any CPU
		{78129B2A-A7E7-476B-A3BA-8C35B65877A6}.Debug|Any CPU.ActiveCfg = Debug|Any CPU
		{78129B2A-A7E7-476B-A3BA-8C35B65877A6}.Debug|Any CPU.Build.0 = Debug|Any CPU
		{78129B2A-A7E7-476B-A3BA-8C35B65877A6}.Release|Any CPU.ActiveCfg = Release|Any CPU
		{78129B2A-A7E7-476B-A3BA-8C35B65877A6}.Release|Any CPU.Build.0 = Release|Any CPU
		{5E7A1403-21FE-4389-83ED-CF1CE6293BAD}.Debug|Any CPU.ActiveCfg = Debug|Any CPU
		{5E7A1403-21FE-4389-83ED-CF1CE6293BAD}.Debug|Any CPU.Build.0 = Debug|Any CPU
		{5E7A1403-21FE-4389-83ED-CF1CE6293BAD}.Release|Any CPU.ActiveCfg = Release|Any CPU
		{5E7A1403-21FE-4389-83ED-CF1CE6293BAD}.Release|Any CPU.Build.0 = Release|Any CPU
		{F0936DE2-27DD-49A1-BD72-9F71248DFACA}.Debug|Any CPU.ActiveCfg = Debug|Any CPU
		{F0936DE2-27DD-49A1-BD72-9F71248DFACA}.Debug|Any CPU.Build.0 = Debug|Any CPU
		{F0936DE2-27DD-49A1-BD72-9F71248DFACA}.Release|Any CPU.ActiveCfg = Release|Any CPU
		{F0936DE2-27DD-49A1-BD72-9F71248DFACA}.Release|Any CPU.Build.0 = Release|Any CPU
		{3D1FDFC1-D6F7-4C3A-AD6C-5725EF40EE8E}.Debug|Any CPU.ActiveCfg = Debug|Any CPU
		{3D1FDFC1-D6F7-4C3A-AD6C-5725EF40EE8E}.Debug|Any CPU.Build.0 = Debug|Any CPU
		{3D1FDFC1-D6F7-4C3A-AD6C-5725EF40EE8E}.Debug|Any CPU.Deploy.0 = Debug|Any CPU
		{3D1FDFC1-D6F7-4C3A-AD6C-5725EF40EE8E}.Release|Any CPU.ActiveCfg = Release|Any CPU
		{3D1FDFC1-D6F7-4C3A-AD6C-5725EF40EE8E}.Release|Any CPU.Build.0 = Release|Any CPU
		{3D1FDFC1-D6F7-4C3A-AD6C-5725EF40EE8E}.Release|Any CPU.Deploy.0 = Release|Any CPU
		{F938B7D7-AC3F-450F-AD5D-6AF8971ADB75}.Debug|Any CPU.ActiveCfg = Debug|Any CPU
		{F938B7D7-AC3F-450F-AD5D-6AF8971ADB75}.Debug|Any CPU.Build.0 = Debug|Any CPU
		{F938B7D7-AC3F-450F-AD5D-6AF8971ADB75}.Release|Any CPU.ActiveCfg = Release|Any CPU
		{F938B7D7-AC3F-450F-AD5D-6AF8971ADB75}.Release|Any CPU.Build.0 = Release|Any CPU
	EndGlobalSection
	GlobalSection(SolutionProperties) = preSolution
		HideSolutionNode = FALSE
	EndGlobalSection
	GlobalSection(NestedProjects) = preSolution
		{53A90C7D-8F93-4F37-95C1-80F41AE989D8} = {742B3C87-F96A-4081-AF8D-078E2688DCC0}
		{742B3C87-F96A-4081-AF8D-078E2688DCC0} = {CC722EB2-B4EF-448D-BE4D-1A2A07ED3B21}
		{0FE81850-273C-4320-9A43-571E1715A756} = {CC722EB2-B4EF-448D-BE4D-1A2A07ED3B21}
		{F1D794AD-05CA-417D-823B-71BE97FFBC3A} = {CC722EB2-B4EF-448D-BE4D-1A2A07ED3B21}
		{495455DA-B53D-476D-BE0D-58D1C16F172B} = {CC722EB2-B4EF-448D-BE4D-1A2A07ED3B21}
		{8372F271-393C-49D3-B7BD-CC2CEAC51850} = {0FE81850-273C-4320-9A43-571E1715A756}
		{630B54D9-E703-490A-9269-DBC8D5CBF216} = {F1D794AD-05CA-417D-823B-71BE97FFBC3A}
		{6357C961-FE5A-4BD7-963B-AE7BD9633B18} = {495455DA-B53D-476D-BE0D-58D1C16F172B}
		{CF29EC22-6332-4B13-AA19-A627259A49B5} = {F1D794AD-05CA-417D-823B-71BE97FFBC3A}
		{228DF41B-8826-4B79-99AD-C4C76E8404E8} = {52D4217E-417D-4D19-9BC4-FACFA35A23F7}
		{78129B2A-A7E7-476B-A3BA-8C35B65877A6} = {52D4217E-417D-4D19-9BC4-FACFA35A23F7}
		{5E7A1403-21FE-4389-83ED-CF1CE6293BAD} = {F1D794AD-05CA-417D-823B-71BE97FFBC3A}
		{F0936DE2-27DD-49A1-BD72-9F71248DFACA} = {F1D794AD-05CA-417D-823B-71BE97FFBC3A}
		{3D1FDFC1-D6F7-4C3A-AD6C-5725EF40EE8E} = {F1D794AD-05CA-417D-823B-71BE97FFBC3A}
		{F938B7D7-AC3F-450F-AD5D-6AF8971ADB75} = {F1D794AD-05CA-417D-823B-71BE97FFBC3A}
	EndGlobalSection
	GlobalSection(ExtensibilityGlobals) = postSolution
		SolutionGuid = {821BC8D2-109C-4D60-A3AD-9374730BB1E9}
	EndGlobalSection
EndGlobal
